PODS:
  - boost (1.76.0)
  - DoubleConversion (1.1.6)
  - FBLazyVector (0.67.3)
  - FBReactNativeSpec (0.67.3):
    - RCT-Folly (= 2021.06.28.00-v2)
    - RCTRequired (= 0.67.3)
    - RCTTypeSafety (= 0.67.3)
    - React-Core (= 0.67.3)
    - React-jsi (= 0.67.3)
    - ReactCommon/turbomodule/core (= 0.67.3)
  - Firebase/CoreOnly (8.15.0):
    - FirebaseCore (= 8.15.0)
  - Firebase/Messaging (8.15.0):
    - Firebase/CoreOnly
    - FirebaseMessaging (~> 8.15.0)
  - FirebaseCore (8.15.0):
    - FirebaseCoreDiagnostics (~> 8.0)
    - GoogleUtilities/Environment (~> 7.7)
    - GoogleUtilities/Logger (~> 7.7)
  - FirebaseCoreDiagnostics (8.15.0):
    - GoogleDataTransport (~> 9.1)
    - GoogleUtilities/Environment (~> 7.7)
    - GoogleUtilities/Logger (~> 7.7)
    - nanopb (~> 2.30908.0)
  - FirebaseInstallations (8.15.0):
    - FirebaseCore (~> 8.0)
    - GoogleUtilities/Environment (~> 7.7)
    - GoogleUtilities/UserDefaults (~> 7.7)
    - PromisesObjC (< 3.0, >= 1.2)
  - FirebaseMessaging (8.15.0):
    - FirebaseCore (~> 8.0)
    - FirebaseInstallations (~> 8.0)
    - GoogleDataTransport (~> 9.1)
    - GoogleUtilities/AppDelegateSwizzler (~> 7.7)
    - GoogleUtilities/Environment (~> 7.7)
    - GoogleUtilities/Reachability (~> 7.7)
    - GoogleUtilities/UserDefaults (~> 7.7)
    - nanopb (~> 2.30908.0)
  - fmt (6.2.1)
  - glog (0.3.5)
  - GoogleDataTransport (9.2.0):
    - GoogleUtilities/Environment (~> 7.7)
    - nanopb (< 2.30910.0, >= 2.30908.0)
    - PromisesObjC (< 3.0, >= 1.2)
  - GoogleUtilities/AppDelegateSwizzler (7.8.0):
    - GoogleUtilities/Environment
    - GoogleUtilities/Logger
    - GoogleUtilities/Network
  - GoogleUtilities/Environment (7.8.0):
    - PromisesObjC (< 3.0, >= 1.2)
  - GoogleUtilities/Logger (7.8.0):
    - GoogleUtilities/Environment
  - GoogleUtilities/Network (7.8.0):
    - GoogleUtilities/Logger
    - "GoogleUtilities/NSData+zlib"
    - GoogleUtilities/Reachability
  - "GoogleUtilities/NSData+zlib (7.8.0)"
  - GoogleUtilities/Reachability (7.8.0):
    - GoogleUtilities/Logger
  - GoogleUtilities/UserDefaults (7.8.0):
    - GoogleUtilities/Logger
  - nanopb (2.30908.0):
    - nanopb/decode (= 2.30908.0)
    - nanopb/encode (= 2.30908.0)
  - nanopb/decode (2.30908.0)
  - nanopb/encode (2.30908.0)
  - Permission-AppTrackingTransparency (3.6.1):
    - RNPermissions
  - Permission-BluetoothPeripheral (3.6.1):
    - RNPermissions
  - Permission-Calendars (3.6.1):
    - RNPermissions
  - Permission-Camera (3.6.1):
    - RNPermissions
  - Permission-Contacts (3.6.1):
    - RNPermissions
  - Permission-FaceID (3.6.1):
    - RNPermissions
  - Permission-LocationAccuracy (3.6.1):
    - RNPermissions
  - Permission-LocationAlways (3.6.1):
    - RNPermissions
  - Permission-LocationWhenInUse (3.6.1):
    - RNPermissions
  - Permission-MediaLibrary (3.6.1):
    - RNPermissions
  - Permission-Microphone (3.6.1):
    - RNPermissions
  - Permission-Motion (3.6.1):
    - RNPermissions
  - Permission-Notifications (3.6.1):
    - RNPermissions
  - Permission-PhotoLibrary (3.6.1):
    - RNPermissions
  - Permission-PhotoLibraryAddOnly (3.6.1):
    - RNPermissions
  - Permission-Reminders (3.6.1):
    - RNPermissions
  - Permission-Siri (3.6.1):
    - RNPermissions
  - Permission-SpeechRecognition (3.6.1):
    - RNPermissions
  - Permission-StoreKit (3.6.1):
    - RNPermissions
  - PromisesObjC (2.1.1)
  - RCT-Folly (2021.06.28.00-v2):
    - boost
    - DoubleConversion
    - fmt (~> 6.2.1)
    - glog
    - RCT-Folly/Default (= 2021.06.28.00-v2)
  - RCT-Folly/Default (2021.06.28.00-v2):
    - boost
    - DoubleConversion
    - fmt (~> 6.2.1)
    - glog
  - RCTRequired (0.67.3)
  - RCTTypeSafety (0.67.3):
    - FBLazyVector (= 0.67.3)
    - RCT-Folly (= 2021.06.28.00-v2)
    - RCTRequired (= 0.67.3)
    - React-Core (= 0.67.3)
  - React (0.67.3):
    - React-Core (= 0.67.3)
    - React-Core/DevSupport (= 0.67.3)
    - React-Core/RCTWebSocket (= 0.67.3)
    - React-RCTActionSheet (= 0.67.3)
    - React-RCTAnimation (= 0.67.3)
    - React-RCTBlob (= 0.67.3)
    - React-RCTImage (= 0.67.3)
    - React-RCTLinking (= 0.67.3)
    - React-RCTNetwork (= 0.67.3)
    - React-RCTSettings (= 0.67.3)
    - React-RCTText (= 0.67.3)
    - React-RCTVibration (= 0.67.3)
  - React-callinvoker (0.67.3)
  - React-Core (0.67.3):
    - glog
    - RCT-Folly (= 2021.06.28.00-v2)
    - React-Core/Default (= 0.67.3)
    - React-cxxreact (= 0.67.3)
    - React-jsi (= 0.67.3)
    - React-jsiexecutor (= 0.67.3)
    - React-perflogger (= 0.67.3)
    - Yoga
  - React-Core/CoreModulesHeaders (0.67.3):
    - glog
    - RCT-Folly (= 2021.06.28.00-v2)
    - React-Core/Default
    - React-cxxreact (= 0.67.3)
    - React-jsi (= 0.67.3)
    - React-jsiexecutor (= 0.67.3)
    - React-perflogger (= 0.67.3)
    - Yoga
  - React-Core/Default (0.67.3):
    - glog
    - RCT-Folly (= 2021.06.28.00-v2)
    - React-cxxreact (= 0.67.3)
    - React-jsi (= 0.67.3)
    - React-jsiexecutor (= 0.67.3)
    - React-perflogger (= 0.67.3)
    - Yoga
  - React-Core/DevSupport (0.67.3):
    - glog
    - RCT-Folly (= 2021.06.28.00-v2)
    - React-Core/Default (= 0.67.3)
    - React-Core/RCTWebSocket (= 0.67.3)
    - React-cxxreact (= 0.67.3)
    - React-jsi (= 0.67.3)
    - React-jsiexecutor (= 0.67.3)
    - React-jsinspector (= 0.67.3)
    - React-perflogger (= 0.67.3)
    - Yoga
  - React-Core/RCTActionSheetHeaders (0.67.3):
    - glog
    - RCT-Folly (= 2021.06.28.00-v2)
    - React-Core/Default
    - React-cxxreact (= 0.67.3)
    - React-jsi (= 0.67.3)
    - React-jsiexecutor (= 0.67.3)
    - React-perflogger (= 0.67.3)
    - Yoga
  - React-Core/RCTAnimationHeaders (0.67.3):
    - glog
    - RCT-Folly (= 2021.06.28.00-v2)
    - React-Core/Default
    - React-cxxreact (= 0.67.3)
    - React-jsi (= 0.67.3)
    - React-jsiexecutor (= 0.67.3)
    - React-perflogger (= 0.67.3)
    - Yoga
  - React-Core/RCTBlobHeaders (0.67.3):
    - glog
    - RCT-Folly (= 2021.06.28.00-v2)
    - React-Core/Default
    - React-cxxreact (= 0.67.3)
    - React-jsi (= 0.67.3)
    - React-jsiexecutor (= 0.67.3)
    - React-perflogger (= 0.67.3)
    - Yoga
  - React-Core/RCTImageHeaders (0.67.3):
    - glog
    - RCT-Folly (= 2021.06.28.00-v2)
    - React-Core/Default
    - React-cxxreact (= 0.67.3)
    - React-jsi (= 0.67.3)
    - React-jsiexecutor (= 0.67.3)
    - React-perflogger (= 0.67.3)
    - Yoga
  - React-Core/RCTLinkingHeaders (0.67.3):
    - glog
    - RCT-Folly (= 2021.06.28.00-v2)
    - React-Core/Default
    - React-cxxreact (= 0.67.3)
    - React-jsi (= 0.67.3)
    - React-jsiexecutor (= 0.67.3)
    - React-perflogger (= 0.67.3)
    - Yoga
  - React-Core/RCTNetworkHeaders (0.67.3):
    - glog
    - RCT-Folly (= 2021.06.28.00-v2)
    - React-Core/Default
    - React-cxxreact (= 0.67.3)
    - React-jsi (= 0.67.3)
    - React-jsiexecutor (= 0.67.3)
    - React-perflogger (= 0.67.3)
    - Yoga
  - React-Core/RCTSettingsHeaders (0.67.3):
    - glog
    - RCT-Folly (= 2021.06.28.00-v2)
    - React-Core/Default
    - React-cxxreact (= 0.67.3)
    - React-jsi (= 0.67.3)
    - React-jsiexecutor (= 0.67.3)
    - React-perflogger (= 0.67.3)
    - Yoga
  - React-Core/RCTTextHeaders (0.67.3):
    - glog
    - RCT-Folly (= 2021.06.28.00-v2)
    - React-Core/Default
    - React-cxxreact (= 0.67.3)
    - React-jsi (= 0.67.3)
    - React-jsiexecutor (= 0.67.3)
    - React-perflogger (= 0.67.3)
    - Yoga
  - React-Core/RCTVibrationHeaders (0.67.3):
    - glog
    - RCT-Folly (= 2021.06.28.00-v2)
    - React-Core/Default
    - React-cxxreact (= 0.67.3)
    - React-jsi (= 0.67.3)
    - React-jsiexecutor (= 0.67.3)
    - React-perflogger (= 0.67.3)
    - Yoga
  - React-Core/RCTWebSocket (0.67.3):
    - glog
    - RCT-Folly (= 2021.06.28.00-v2)
    - React-Core/Default (= 0.67.3)
    - React-cxxreact (= 0.67.3)
    - React-jsi (= 0.67.3)
    - React-jsiexecutor (= 0.67.3)
    - React-perflogger (= 0.67.3)
    - Yoga
  - React-CoreModules (0.67.3):
    - FBReactNativeSpec (= 0.67.3)
    - RCT-Folly (= 2021.06.28.00-v2)
    - RCTTypeSafety (= 0.67.3)
    - React-Core/CoreModulesHeaders (= 0.67.3)
    - React-jsi (= 0.67.3)
    - React-RCTImage (= 0.67.3)
    - ReactCommon/turbomodule/core (= 0.67.3)
  - React-cxxreact (0.67.3):
    - boost (= 1.76.0)
    - DoubleConversion
    - glog
    - RCT-Folly (= 2021.06.28.00-v2)
    - React-callinvoker (= 0.67.3)
    - React-jsi (= 0.67.3)
    - React-jsinspector (= 0.67.3)
    - React-logger (= 0.67.3)
    - React-perflogger (= 0.67.3)
    - React-runtimeexecutor (= 0.67.3)
  - React-jsi (0.67.3):
    - boost (= 1.76.0)
    - DoubleConversion
    - glog
    - RCT-Folly (= 2021.06.28.00-v2)
    - React-jsi/Default (= 0.67.3)
  - React-jsi/Default (0.67.3):
    - boost (= 1.76.0)
    - DoubleConversion
    - glog
    - RCT-Folly (= 2021.06.28.00-v2)
  - React-jsiexecutor (0.67.3):
    - DoubleConversion
    - glog
    - RCT-Folly (= 2021.06.28.00-v2)
    - React-cxxreact (= 0.67.3)
    - React-jsi (= 0.67.3)
    - React-perflogger (= 0.67.3)
  - React-jsinspector (0.67.3)
  - React-logger (0.67.3):
    - glog
  - react-native-safe-area-context (4.4.1):
    - RCT-Folly
    - RCTRequired
    - RCTTypeSafety
    - React-Core
    - ReactCommon/turbomodule/core
  - React-perflogger (0.67.3)
  - React-RCTActionSheet (0.67.3):
    - React-Core/RCTActionSheetHeaders (= 0.67.3)
  - React-RCTAnimation (0.67.3):
    - FBReactNativeSpec (= 0.67.3)
    - RCT-Folly (= 2021.06.28.00-v2)
    - RCTTypeSafety (= 0.67.3)
    - React-Core/RCTAnimationHeaders (= 0.67.3)
    - React-jsi (= 0.67.3)
    - ReactCommon/turbomodule/core (= 0.67.3)
  - React-RCTBlob (0.67.3):
    - FBReactNativeSpec (= 0.67.3)
    - RCT-Folly (= 2021.06.28.00-v2)
    - React-Core/RCTBlobHeaders (= 0.67.3)
    - React-Core/RCTWebSocket (= 0.67.3)
    - React-jsi (= 0.67.3)
    - React-RCTNetwork (= 0.67.3)
    - ReactCommon/turbomodule/core (= 0.67.3)
  - React-RCTImage (0.67.3):
    - FBReactNativeSpec (= 0.67.3)
    - RCT-Folly (= 2021.06.28.00-v2)
    - RCTTypeSafety (= 0.67.3)
    - React-Core/RCTImageHeaders (= 0.67.3)
    - React-jsi (= 0.67.3)
    - React-RCTNetwork (= 0.67.3)
    - ReactCommon/turbomodule/core (= 0.67.3)
  - React-RCTLinking (0.67.3):
    - FBReactNativeSpec (= 0.67.3)
    - React-Core/RCTLinkingHeaders (= 0.67.3)
    - React-jsi (= 0.67.3)
    - ReactCommon/turbomodule/core (= 0.67.3)
  - React-RCTNetwork (0.67.3):
    - FBReactNativeSpec (= 0.67.3)
    - RCT-Folly (= 2021.06.28.00-v2)
    - RCTTypeSafety (= 0.67.3)
    - React-Core/RCTNetworkHeaders (= 0.67.3)
    - React-jsi (= 0.67.3)
    - ReactCommon/turbomodule/core (= 0.67.3)
  - React-RCTSettings (0.67.3):
    - FBReactNativeSpec (= 0.67.3)
    - RCT-Folly (= 2021.06.28.00-v2)
    - RCTTypeSafety (= 0.67.3)
    - React-Core/RCTSettingsHeaders (= 0.67.3)
    - React-jsi (= 0.67.3)
    - ReactCommon/turbomodule/core (= 0.67.3)
  - React-RCTText (0.67.3):
    - React-Core/RCTTextHeaders (= 0.67.3)
  - React-RCTVibration (0.67.3):
    - FBReactNativeSpec (= 0.67.3)
    - RCT-Folly (= 2021.06.28.00-v2)
    - React-Core/RCTVibrationHeaders (= 0.67.3)
    - React-jsi (= 0.67.3)
    - ReactCommon/turbomodule/core (= 0.67.3)
  - React-runtimeexecutor (0.67.3):
    - React-jsi (= 0.67.3)
  - ReactCommon/turbomodule/core (0.67.3):
    - DoubleConversion
    - glog
    - RCT-Folly (= 2021.06.28.00-v2)
    - React-callinvoker (= 0.67.3)
    - React-Core (= 0.67.3)
    - React-cxxreact (= 0.67.3)
    - React-jsi (= 0.67.3)
    - React-logger (= 0.67.3)
    - React-perflogger (= 0.67.3)
  - RNCAsyncStorage (1.17.10):
    - React-Core
  - RNFBApp (14.12.0):
    - Firebase/CoreOnly (= 8.15.0)
    - React-Core
  - RNFBMessaging (14.12.0):
    - Firebase/Messaging (= 8.15.0)
    - React-Core
    - RNFBApp
  - RNPermissions (3.6.1):
    - React-Core
  - RNScreens (3.18.2):
    - React-Core
    - React-RCTImage
  - RNSVG (13.4.0):
    - React-Core
  - Yoga (1.14.0)

DEPENDENCIES:
  - boost (from `../node_modules/react-native/third-party-podspecs/boost.podspec`)
  - DoubleConversion (from `../node_modules/react-native/third-party-podspecs/DoubleConversion.podspec`)
  - FBLazyVector (from `../node_modules/react-native/Libraries/FBLazyVector`)
  - FBReactNativeSpec (from `../node_modules/react-native/React/FBReactNativeSpec`)
  - glog (from `../node_modules/react-native/third-party-podspecs/glog.podspec`)
  - Permission-AppTrackingTransparency (from `../node_modules/react-native-permissions/ios/AppTrackingTransparency`)
  - Permission-BluetoothPeripheral (from `../node_modules/react-native-permissions/ios/BluetoothPeripheral`)
  - Permission-Calendars (from `../node_modules/react-native-permissions/ios/Calendars`)
  - Permission-Camera (from `../node_modules/react-native-permissions/ios/Camera`)
  - Permission-Contacts (from `../node_modules/react-native-permissions/ios/Contacts`)
  - Permission-FaceID (from `../node_modules/react-native-permissions/ios/FaceID`)
  - Permission-LocationAccuracy (from `../node_modules/react-native-permissions/ios/LocationAccuracy`)
  - Permission-LocationAlways (from `../node_modules/react-native-permissions/ios/LocationAlways`)
  - Permission-LocationWhenInUse (from `../node_modules/react-native-permissions/ios/LocationWhenInUse`)
  - Permission-MediaLibrary (from `../node_modules/react-native-permissions/ios/MediaLibrary`)
  - Permission-Microphone (from `../node_modules/react-native-permissions/ios/Microphone`)
  - Permission-Motion (from `../node_modules/react-native-permissions/ios/Motion`)
  - Permission-Notifications (from `../node_modules/react-native-permissions/ios/Notifications`)
  - Permission-PhotoLibrary (from `../node_modules/react-native-permissions/ios/PhotoLibrary`)
  - Permission-PhotoLibraryAddOnly (from `../node_modules/react-native-permissions/ios/PhotoLibraryAddOnly`)
  - Permission-Reminders (from `../node_modules/react-native-permissions/ios/Reminders`)
  - Permission-Siri (from `../node_modules/react-native-permissions/ios/Siri`)
  - Permission-SpeechRecognition (from `../node_modules/react-native-permissions/ios/SpeechRecognition`)
  - Permission-StoreKit (from `../node_modules/react-native-permissions/ios/StoreKit`)
  - RCT-Folly (from `../node_modules/react-native/third-party-podspecs/RCT-Folly.podspec`)
  - RCTRequired (from `../node_modules/react-native/Libraries/RCTRequired`)
  - RCTTypeSafety (from `../node_modules/react-native/Libraries/TypeSafety`)
  - React (from `../node_modules/react-native/`)
  - React-callinvoker (from `../node_modules/react-native/ReactCommon/callinvoker`)
  - React-Core (from `../node_modules/react-native/`)
  - React-Core/DevSupport (from `../node_modules/react-native/`)
  - React-Core/RCTWebSocket (from `../node_modules/react-native/`)
  - React-CoreModules (from `../node_modules/react-native/React/CoreModules`)
  - React-cxxreact (from `../node_modules/react-native/ReactCommon/cxxreact`)
  - React-jsi (from `../node_modules/react-native/ReactCommon/jsi`)
  - React-jsiexecutor (from `../node_modules/react-native/ReactCommon/jsiexecutor`)
  - React-jsinspector (from `../node_modules/react-native/ReactCommon/jsinspector`)
  - React-logger (from `../node_modules/react-native/ReactCommon/logger`)
  - react-native-safe-area-context (from `../node_modules/react-native-safe-area-context`)
  - React-perflogger (from `../node_modules/react-native/ReactCommon/reactperflogger`)
  - React-RCTActionSheet (from `../node_modules/react-native/Libraries/ActionSheetIOS`)
  - React-RCTAnimation (from `../node_modules/react-native/Libraries/NativeAnimation`)
  - React-RCTBlob (from `../node_modules/react-native/Libraries/Blob`)
  - React-RCTImage (from `../node_modules/react-native/Libraries/Image`)
  - React-RCTLinking (from `../node_modules/react-native/Libraries/LinkingIOS`)
  - React-RCTNetwork (from `../node_modules/react-native/Libraries/Network`)
  - React-RCTSettings (from `../node_modules/react-native/Libraries/Settings`)
  - React-RCTText (from `../node_modules/react-native/Libraries/Text`)
  - React-RCTVibration (from `../node_modules/react-native/Libraries/Vibration`)
  - React-runtimeexecutor (from `../node_modules/react-native/ReactCommon/runtimeexecutor`)
  - ReactCommon/turbomodule/core (from `../node_modules/react-native/ReactCommon`)
  - "RNCAsyncStorage (from `../node_modules/@react-native-async-storage/async-storage`)"
  - "RNFBApp (from `../node_modules/@react-native-firebase/app`)"
  - "RNFBMessaging (from `../node_modules/@react-native-firebase/messaging`)"
  - RNPermissions (from `../node_modules/react-native-permissions`)
  - RNScreens (from `../node_modules/react-native-screens`)
  - RNSVG (from `../node_modules/react-native-svg`)
  - Yoga (from `../node_modules/react-native/ReactCommon/yoga`)

SPEC REPOS:
  trunk:
    - Firebase
    - FirebaseCore
    - FirebaseCoreDiagnostics
    - FirebaseInstallations
    - FirebaseMessaging
    - fmt
    - GoogleDataTransport
    - GoogleUtilities
    - nanopb
    - PromisesObjC

EXTERNAL SOURCES:
  boost:
    :podspec: "../node_modules/react-native/third-party-podspecs/boost.podspec"
  DoubleConversion:
    :podspec: "../node_modules/react-native/third-party-podspecs/DoubleConversion.podspec"
  FBLazyVector:
    :path: "../node_modules/react-native/Libraries/FBLazyVector"
  FBReactNativeSpec:
    :path: "../node_modules/react-native/React/FBReactNativeSpec"
  glog:
    :podspec: "../node_modules/react-native/third-party-podspecs/glog.podspec"
  Permission-AppTrackingTransparency:
    :path: "../node_modules/react-native-permissions/ios/AppTrackingTransparency"
  Permission-BluetoothPeripheral:
    :path: "../node_modules/react-native-permissions/ios/BluetoothPeripheral"
  Permission-Calendars:
    :path: "../node_modules/react-native-permissions/ios/Calendars"
  Permission-Camera:
    :path: "../node_modules/react-native-permissions/ios/Camera"
  Permission-Contacts:
    :path: "../node_modules/react-native-permissions/ios/Contacts"
  Permission-FaceID:
    :path: "../node_modules/react-native-permissions/ios/FaceID"
  Permission-LocationAccuracy:
    :path: "../node_modules/react-native-permissions/ios/LocationAccuracy"
  Permission-LocationAlways:
    :path: "../node_modules/react-native-permissions/ios/LocationAlways"
  Permission-LocationWhenInUse:
    :path: "../node_modules/react-native-permissions/ios/LocationWhenInUse"
  Permission-MediaLibrary:
    :path: "../node_modules/react-native-permissions/ios/MediaLibrary"
  Permission-Microphone:
    :path: "../node_modules/react-native-permissions/ios/Microphone"
  Permission-Motion:
    :path: "../node_modules/react-native-permissions/ios/Motion"
  Permission-Notifications:
    :path: "../node_modules/react-native-permissions/ios/Notifications"
  Permission-PhotoLibrary:
    :path: "../node_modules/react-native-permissions/ios/PhotoLibrary"
  Permission-PhotoLibraryAddOnly:
    :path: "../node_modules/react-native-permissions/ios/PhotoLibraryAddOnly"
  Permission-Reminders:
    :path: "../node_modules/react-native-permissions/ios/Reminders"
  Permission-Siri:
    :path: "../node_modules/react-native-permissions/ios/Siri"
  Permission-SpeechRecognition:
    :path: "../node_modules/react-native-permissions/ios/SpeechRecognition"
  Permission-StoreKit:
    :path: "../node_modules/react-native-permissions/ios/StoreKit"
  RCT-Folly:
    :podspec: "../node_modules/react-native/third-party-podspecs/RCT-Folly.podspec"
  RCTRequired:
    :path: "../node_modules/react-native/Libraries/RCTRequired"
  RCTTypeSafety:
    :path: "../node_modules/react-native/Libraries/TypeSafety"
  React:
    :path: "../node_modules/react-native/"
  React-callinvoker:
    :path: "../node_modules/react-native/ReactCommon/callinvoker"
  React-Core:
    :path: "../node_modules/react-native/"
  React-CoreModules:
    :path: "../node_modules/react-native/React/CoreModules"
  React-cxxreact:
    :path: "../node_modules/react-native/ReactCommon/cxxreact"
  React-jsi:
    :path: "../node_modules/react-native/ReactCommon/jsi"
  React-jsiexecutor:
    :path: "../node_modules/react-native/ReactCommon/jsiexecutor"
  React-jsinspector:
    :path: "../node_modules/react-native/ReactCommon/jsinspector"
  React-logger:
    :path: "../node_modules/react-native/ReactCommon/logger"
  react-native-safe-area-context:
    :path: "../node_modules/react-native-safe-area-context"
  React-perflogger:
    :path: "../node_modules/react-native/ReactCommon/reactperflogger"
  React-RCTActionSheet:
    :path: "../node_modules/react-native/Libraries/ActionSheetIOS"
  React-RCTAnimation:
    :path: "../node_modules/react-native/Libraries/NativeAnimation"
  React-RCTBlob:
    :path: "../node_modules/react-native/Libraries/Blob"
  React-RCTImage:
    :path: "../node_modules/react-native/Libraries/Image"
  React-RCTLinking:
    :path: "../node_modules/react-native/Libraries/LinkingIOS"
  React-RCTNetwork:
    :path: "../node_modules/react-native/Libraries/Network"
  React-RCTSettings:
    :path: "../node_modules/react-native/Libraries/Settings"
  React-RCTText:
    :path: "../node_modules/react-native/Libraries/Text"
  React-RCTVibration:
    :path: "../node_modules/react-native/Libraries/Vibration"
  React-runtimeexecutor:
    :path: "../node_modules/react-native/ReactCommon/runtimeexecutor"
  ReactCommon:
    :path: "../node_modules/react-native/ReactCommon"
  RNCAsyncStorage:
    :path: "../node_modules/@react-native-async-storage/async-storage"
  RNFBApp:
    :path: "../node_modules/@react-native-firebase/app"
  RNFBMessaging:
    :path: "../node_modules/@react-native-firebase/messaging"
  RNPermissions:
    :path: "../node_modules/react-native-permissions"
  RNScreens:
    :path: "../node_modules/react-native-screens"
  RNSVG:
    :path: "../node_modules/react-native-svg"
  Yoga:
    :path: "../node_modules/react-native/ReactCommon/yoga"

SPEC CHECKSUMS:
  boost: a7c83b31436843459a1961bfd74b96033dc77234
  DoubleConversion: 831926d9b8bf8166fd87886c4abab286c2422662
  FBLazyVector: 808f741ddb0896a20e5b98cc665f5b3413b072e2
  FBReactNativeSpec: 94473205b8741b61402e8c51716dea34aa3f5b2f
  Firebase: 5f8193dff4b5b7c5d5ef72ae54bb76c08e2b841d
  FirebaseCore: 5743c5785c074a794d35f2fff7ecc254a91e08b1
  FirebaseCoreDiagnostics: 92e07a649aeb66352b319d43bdd2ee3942af84cb
  FirebaseInstallations: 40bd9054049b2eae9a2c38ef1c3dd213df3605cd
  FirebaseMessaging: 5e5118a2383b3531e730d974680954c679ca0a13
  fmt: ff9d55029c625d3757ed641535fd4a75fedc7ce9
  glog: 85ecdd10ee8d8ec362ef519a6a45ff9aa27b2e85
  GoogleDataTransport: 1c8145da7117bd68bbbed00cf304edb6a24de00f
  GoogleUtilities: 1d20a6ad97ef46f67bbdec158ce00563a671ebb7
  nanopb: a0ba3315591a9ae0a16a309ee504766e90db0c96
  Permission-AppTrackingTransparency: 9eedbc3b5a2907b8cb2c971461754616eac1661d
  Permission-BluetoothPeripheral: 67708853584bb9208c76d36d0e0ea4eafb97ea5b
  Permission-Calendars: dd55f36958c398a487f141d4c89119907e34dca8
  Permission-Camera: bf6791b17c7f614b6826019fcfdcc286d3a107f6
  Permission-Contacts: 2484d274171688b1ca80978b949ac771259b51f0
  Permission-FaceID: e70223280292a1a5e4b8ad943b70cd9229a7d2c3
  Permission-LocationAccuracy: 76df17de5c6b8bc2eee34e61ee92cdd7a864c73d
  Permission-LocationAlways: 8d99b025c9f73c696e0cdb367e42525f2e9a26f2
  Permission-LocationWhenInUse: 3ba99e45c852763f730eabecec2870c2382b7bd4
  Permission-MediaLibrary: a994236bae41b3597a376ff08298fb1c6d84729b
  Permission-Microphone: 48212dd4d28025d9930d583e3c7a56da7268665c
  Permission-Motion: d3e5ac6c989b2594a3c5c5ab19ffe9453fa3eb5c
  Permission-Notifications: 150484ae586eb9be4e32217582a78350a9bb31c3
  Permission-PhotoLibrary: 5b34ca67279f7201ae109cef36f9806a6596002d
  Permission-PhotoLibraryAddOnly: 6dba8924024e239af2e282daa8a88967679b4983
  Permission-Reminders: dd6692dab69ae8a4e2473860e25b6304f9bcd326
  Permission-Siri: 9853b319177b9f2460bd3e0bdd26bdebe6238def
  Permission-SpeechRecognition: 7bda51c7a3b68f259a98436ed431afdf84a19ecf
  Permission-StoreKit: 7dcf43ad1b8cdc7ae21e547d49df9ac9b6ea7270
  PromisesObjC: ab77feca74fa2823e7af4249b8326368e61014cb
  RCT-Folly: 803a9cfd78114b2ec0f140cfa6fa2a6bafb2d685
  RCTRequired: 3c77b683474faf23920fbefc71c4e13af21470c0
  RCTTypeSafety: 720b1841260dac692444c2822b27403178da8b28
  React: 25970dd74abbdac449ca66dec4107652cacc606d
  React-callinvoker: 2d158700bc27b3d49c3c95721d288ed6c1a489ef
  React-Core: 306cfdc1393bcf9481cc5de9807608db7661817b
  React-CoreModules: 2576a88d630899f3fcdf2cb79fcc0454d7b2a8bb
  React-cxxreact: a492f0de07d875419dcb9f463c63c22fe51c433b
  React-jsi: bca092b0c38d5e3fd60bb491d4994ab4a8ac2ad3
  React-jsiexecutor: 15ea57ead631a11fad57634ff69f78e797113a39
  React-jsinspector: 1e1e03345cf6d47779e2061d679d0a87d9ae73d8
  React-logger: 1e10789cb84f99288479ba5f20822ce43ced6ffe
  react-native-safe-area-context: 99b24a0c5acd0d5dcac2b1a7f18c49ea317be99a
  React-perflogger: 93d3f142d6d9a46e635f09ba0518027215a41098
  React-RCTActionSheet: 87327c3722203cc79cf79d02fb83e7332aeedd18
  React-RCTAnimation: 009c87c018d50e0b38692699405ebe631ff4872d
  React-RCTBlob: 9e30308cc1b127af11c8f858514d2d8638ce36d7
  React-RCTImage: b9460cb8e3acc51410735a234a9dffbf4964f540
  React-RCTLinking: 73ecf0b87b515383a08ebbf07f558c48de1f0027
  React-RCTNetwork: 8f63119f2da99a94515ad0e0d0a13f9b3f6fe89d
  React-RCTSettings: b827282b1ac2bd98515c0c09f5cbc5062ebd83b0
  React-RCTText: 6d09140f514e1f60aff255e0acdf16e3b486ba4c
  React-RCTVibration: d0361f15ea978958fab7ffb6960f475b5063d83f
  React-runtimeexecutor: af1946623656f9c5fd64ca6f36f3863516193446
  ReactCommon: 650e33cde4fb7d36781cd3143f5276da0abb2f96
  RNCAsyncStorage: 0c357f3156fcb16c8589ede67cc036330b6698ca
  RNFBApp: 2d39ec9a9dd25f18e96009053af087b9ed714626
  RNFBMessaging: ed43c957c714ca8baa6c0f09704fabaa9601c48a
  RNPermissions: dcdb7b99796bbeda6975a6e79ad519c41b251b1c
  RNScreens: 34cc502acf1b916c582c60003dc3089fa01dc66d
  RNSVG: 07dbd870b0dcdecc99b3a202fa37c8ca163caec2
  Yoga: 90dcd029e45d8a7c1ff059e8b3c6612ff409061a

PODFILE CHECKSUM: 40a6aa6487d274d112b644bdb38e86f7f61c234a

COCOAPODS: 1.11.3
